
Microsoft Visual Studio Solution File, Format Version 12.00
# Visual Studio 14
VisualStudioVersion = 14.0.25420.1
MinimumVisualStudioVersion = 10.0.40219.1
Project("{FAE04EC0-301F-11D3-BF4B-00C04F79EFBC}") = "UkrGo", "UkrGo\UkrGo\UkrGo.csproj", "{810E328E-3EC7-4D42-860F-85FE78EDBC5C}"
EndProject
Project("{FAE04EC0-301F-11D3-BF4B-00C04F79EFBC}") = "UkrGo.Droid", "UkrGo\UkrGo.Droid\UkrGo.Droid.csproj", "{B536D336-3CD9-4436-8346-A77AF218409E}"
EndProject
Project("{FAE04EC0-301F-11D3-BF4B-00C04F79EFBC}") = "UkrGo.iOS", "UkrGo\UkrGo.iOS\UkrGo.iOS.csproj", "{517B87C7-C613-4FCC-9799-A6CA1E0713F4}"
EndProject
Project("{FAE04EC0-301F-11D3-BF4B-00C04F79EFBC}") = "UkrGo.WinPhone", "UkrGo\UkrGo.WinPhone\UkrGo.WinPhone.csproj", "{16007E04-A7D5-4BF1-8E56-358CBADAF9D6}"
EndProject
Project("{FAE04EC0-301F-11D3-BF4B-00C04F79EFBC}") = "UkrGo.UWP", "UkrGo\UkrGo.UWP\UkrGo.UWP.csproj", "{C059932B-B071-4A11-A157-38A4918ABABA}"
EndProject
Project("{FAE04EC0-301F-11D3-BF4B-00C04F79EFBC}") = "UkrGo.Windows", "UkrGo\UkrGo.Windows\UkrGo.Windows.csproj", "{C3AF22F1-E17A-43A7-AFB4-9F4F6349DF41}"
EndProject
Global
	GlobalSection(SolutionConfigurationPlatforms) = preSolution
		Ad-Hoc|Any CPU = Ad-Hoc|Any CPU
		Ad-Hoc|ARM = Ad-Hoc|ARM
		Ad-Hoc|iPhone = Ad-Hoc|iPhone
		Ad-Hoc|iPhoneSimulator = Ad-Hoc|iPhoneSimulator
		Ad-Hoc|x64 = Ad-Hoc|x64
		Ad-Hoc|x86 = Ad-Hoc|x86
		AppStore|Any CPU = AppStore|Any CPU
		AppStore|ARM = AppStore|ARM
		AppStore|iPhone = AppStore|iPhone
		AppStore|iPhoneSimulator = AppStore|iPhoneSimulator
		AppStore|x64 = AppStore|x64
		AppStore|x86 = AppStore|x86
		Debug|Any CPU = Debug|Any CPU
		Debug|ARM = Debug|ARM
		Debug|iPhone = Debug|iPhone
		Debug|iPhoneSimulator = Debug|iPhoneSimulator
		Debug|x64 = Debug|x64
		Debug|x86 = Debug|x86
		Release|Any CPU = Release|Any CPU
		Release|ARM = Release|ARM
		Release|iPhone = Release|iPhone
		Release|iPhoneSimulator = Release|iPhoneSimulator
		Release|x64 = Release|x64
		Release|x86 = Release|x86
	EndGlobalSection
	GlobalSection(ProjectConfigurationPlatforms) = postSolution
		{810E328E-3EC7-4D42-860F-85FE78EDBC5C}.Ad-Hoc|Any CPU.ActiveCfg = Release|Any CPU
		{810E328E-3EC7-4D42-860F-85FE78EDBC5C}.Ad-Hoc|Any CPU.Build.0 = Release|Any CPU
		{810E328E-3EC7-4D42-860F-85FE78EDBC5C}.Ad-Hoc|ARM.ActiveCfg = Release|Any CPU
		{810E328E-3EC7-4D42-860F-85FE78EDBC5C}.Ad-Hoc|ARM.Build.0 = Release|Any CPU
		{810E328E-3EC7-4D42-860F-85FE78EDBC5C}.Ad-Hoc|iPhone.ActiveCfg = Release|Any CPU
		{810E328E-3EC7-4D42-860F-85FE78EDBC5C}.Ad-Hoc|iPhone.Build.0 = Release|Any CPU
		{810E328E-3EC7-4D42-860F-85FE78EDBC5C}.Ad-Hoc|iPhoneSimulator.ActiveCfg = Release|Any CPU
		{810E328E-3EC7-4D42-860F-85FE78EDBC5C}.Ad-Hoc|iPhoneSimulator.Build.0 = Release|Any CPU
		{810E328E-3EC7-4D42-860F-85FE78EDBC5C}.Ad-Hoc|x64.ActiveCfg = Release|Any CPU
		{810E328E-3EC7-4D42-860F-85FE78EDBC5C}.Ad-Hoc|x64.Build.0 = Release|Any CPU
		{810E328E-3EC7-4D42-860F-85FE78EDBC5C}.Ad-Hoc|x86.ActiveCfg = Release|Any CPU
		{810E328E-3EC7-4D42-860F-85FE78EDBC5C}.Ad-Hoc|x86.Build.0 = Release|Any CPU
		{810E328E-3EC7-4D42-860F-85FE78EDBC5C}.AppStore|Any CPU.ActiveCfg = Release|Any CPU
		{810E328E-3EC7-4D42-860F-85FE78EDBC5C}.AppStore|Any CPU.Build.0 = Release|Any CPU
		{810E328E-3EC7-4D42-860F-85FE78EDBC5C}.AppStore|ARM.ActiveCfg = Release|Any CPU
		{810E328E-3EC7-4D42-860F-85FE78EDBC5C}.AppStore|ARM.Build.0 = Release|Any CPU
		{810E328E-3EC7-4D42-860F-85FE78EDBC5C}.AppStore|iPhone.ActiveCfg = Release|Any CPU
		{810E328E-3EC7-4D42-860F-85FE78EDBC5C}.AppStore|iPhone.Build.0 = Release|Any CPU
		{810E328E-3EC7-4D42-860F-85FE78EDBC5C}.AppStore|iPhoneSimulator.ActiveCfg = Release|Any CPU
		{810E328E-3EC7-4D42-860F-85FE78EDBC5C}.AppStore|iPhoneSimulator.Build.0 = Release|Any CPU
		{810E328E-3EC7-4D42-860F-85FE78EDBC5C}.AppStore|x64.ActiveCfg = Release|Any CPU
		{810E328E-3EC7-4D42-860F-85FE78EDBC5C}.AppStore|x64.Build.0 = Release|Any CPU
		{810E328E-3EC7-4D42-860F-85FE78EDBC5C}.AppStore|x86.ActiveCfg = Release|Any CPU
		{810E328E-3EC7-4D42-860F-85FE78EDBC5C}.AppStore|x86.Build.0 = Release|Any CPU
		{810E328E-3EC7-4D42-860F-85FE78EDBC5C}.Debug|Any CPU.ActiveCfg = Debug|Any CPU
		{810E328E-3EC7-4D42-860F-85FE78EDBC5C}.Debug|Any CPU.Build.0 = Debug|Any CPU
		{810E328E-3EC7-4D42-860F-85FE78EDBC5C}.Debug|ARM.ActiveCfg = Debug|Any CPU
		{810E328E-3EC7-4D42-860F-85FE78EDBC5C}.Debug|ARM.Build.0 = Debug|Any CPU
		{810E328E-3EC7-4D42-860F-85FE78EDBC5C}.Debug|iPhone.ActiveCfg = Debug|Any CPU
		{810E328E-3EC7-4D42-860F-85FE78EDBC5C}.Debug|iPhone.Build.0 = Debug|Any CPU
		{810E328E-3EC7-4D42-860F-85FE78EDBC5C}.Debug|iPhoneSimulator.ActiveCfg = Debug|Any CPU
		{810E328E-3EC7-4D42-860F-85FE78EDBC5C}.Debug|iPhoneSimulator.Build.0 = Debug|Any CPU
		{810E328E-3EC7-4D42-860F-85FE78EDBC5C}.Debug|x64.ActiveCfg = Debug|Any CPU
		{810E328E-3EC7-4D42-860F-85FE78EDBC5C}.Debug|x64.Build.0 = Debug|Any CPU
		{810E328E-3EC7-4D42-860F-85FE78EDBC5C}.Debug|x86.ActiveCfg = Debug|Any CPU
		{810E328E-3EC7-4D42-860F-85FE78EDBC5C}.Debug|x86.Build.0 = Debug|Any CPU
		{810E328E-3EC7-4D42-860F-85FE78EDBC5C}.Release|Any CPU.ActiveCfg = Release|Any CPU
		{810E328E-3EC7-4D42-860F-85FE78EDBC5C}.Release|Any CPU.Build.0 = Release|Any CPU
		{810E328E-3EC7-4D42-860F-85FE78EDBC5C}.Release|ARM.ActiveCfg = Release|Any CPU
		{810E328E-3EC7-4D42-860F-85FE78EDBC5C}.Release|ARM.Build.0 = Release|Any CPU
		{810E328E-3EC7-4D42-860F-85FE78EDBC5C}.Release|iPhone.ActiveCfg = Release|Any CPU
		{810E328E-3EC7-4D42-860F-85FE78EDBC5C}.Release|iPhone.Build.0 = Release|Any CPU
		{810E328E-3EC7-4D42-860F-85FE78EDBC5C}.Release|iPhoneSimulator.ActiveCfg = Release|Any CPU
		{810E328E-3EC7-4D42-860F-85FE78EDBC5C}.Release|iPhoneSimulator.Build.0 = Release|Any CPU
		{810E328E-3EC7-4D42-860F-85FE78EDBC5C}.Release|x64.ActiveCfg = Release|Any CPU
		{810E328E-3EC7-4D42-860F-85FE78EDBC5C}.Release|x64.Build.0 = Release|Any CPU
		{810E328E-3EC7-4D42-860F-85FE78EDBC5C}.Release|x86.ActiveCfg = Release|Any CPU
		{810E328E-3EC7-4D42-860F-85FE78EDBC5C}.Release|x86.Build.0 = Release|Any CPU
		{B536D336-3CD9-4436-8346-A77AF218409E}.Ad-Hoc|Any CPU.ActiveCfg = Release|Any CPU
		{B536D336-3CD9-4436-8346-A77AF218409E}.Ad-Hoc|Any CPU.Build.0 = Release|Any CPU
		{B536D336-3CD9-4436-8346-A77AF218409E}.Ad-Hoc|Any CPU.Deploy.0 = Release|Any CPU
		{B536D336-3CD9-4436-8346-A77AF218409E}.Ad-Hoc|ARM.ActiveCfg = Release|Any CPU
		{B536D336-3CD9-4436-8346-A77AF218409E}.Ad-Hoc|ARM.Build.0 = Release|Any CPU
		{B536D336-3CD9-4436-8346-A77AF218409E}.Ad-Hoc|ARM.Deploy.0 = Release|Any CPU
		{B536D336-3CD9-4436-8346-A77AF218409E}.Ad-Hoc|iPhone.ActiveCfg = Release|Any CPU
		{B536D336-3CD9-4436-8346-A77AF218409E}.Ad-Hoc|iPhone.Build.0 = Release|Any CPU
		{B536D336-3CD9-4436-8346-A77AF218409E}.Ad-Hoc|iPhone.Deploy.0 = Release|Any CPU
		{B536D336-3CD9-4436-8346-A77AF218409E}.Ad-Hoc|iPhoneSimulator.ActiveCfg = Release|Any CPU
		{B536D336-3CD9-4436-8346-A77AF218409E}.Ad-Hoc|iPhoneSimulator.Build.0 = Release|Any CPU
		{B536D336-3CD9-4436-8346-A77AF218409E}.Ad-Hoc|iPhoneSimulator.Deploy.0 = Release|Any CPU
		{B536D336-3CD9-4436-8346-A77AF218409E}.Ad-Hoc|x64.ActiveCfg = Release|Any CPU
		{B536D336-3CD9-4436-8346-A77AF218409E}.Ad-Hoc|x64.Build.0 = Release|Any CPU
		{B536D336-3CD9-4436-8346-A77AF218409E}.Ad-Hoc|x64.Deploy.0 = Release|Any CPU
		{B536D336-3CD9-4436-8346-A77AF218409E}.Ad-Hoc|x86.ActiveCfg = Release|Any CPU
		{B536D336-3CD9-4436-8346-A77AF218409E}.Ad-Hoc|x86.Build.0 = Release|Any CPU
		{B536D336-3CD9-4436-8346-A77AF218409E}.Ad-Hoc|x86.Deploy.0 = Release|Any CPU
		{B536D336-3CD9-4436-8346-A77AF218409E}.AppStore|Any CPU.ActiveCfg = Release|Any CPU
		{B536D336-3CD9-4436-8346-A77AF218409E}.AppStore|Any CPU.Build.0 = Release|Any CPU
		{B536D336-3CD9-4436-8346-A77AF218409E}.AppStore|Any CPU.Deploy.0 = Release|Any CPU
		{B536D336-3CD9-4436-8346-A77AF218409E}.AppStore|ARM.ActiveCfg = Release|Any CPU
		{B536D336-3CD9-4436-8346-A77AF218409E}.AppStore|ARM.Build.0 = Release|Any CPU
		{B536D336-3CD9-4436-8346-A77AF218409E}.AppStore|ARM.Deploy.0 = Release|Any CPU
		{B536D336-3CD9-4436-8346-A77AF218409E}.AppStore|iPhone.ActiveCfg = Release|Any CPU
		{B536D336-3CD9-4436-8346-A77AF218409E}.AppStore|iPhone.Build.0 = Release|Any CPU
		{B536D336-3CD9-4436-8346-A77AF218409E}.AppStore|iPhone.Deploy.0 = Release|Any CPU
		{B536D336-3CD9-4436-8346-A77AF218409E}.AppStore|iPhoneSimulator.ActiveCfg = Release|Any CPU
		{B536D336-3CD9-4436-8346-A77AF218409E}.AppStore|iPhoneSimulator.Build.0 = Release|Any CPU
		{B536D336-3CD9-4436-8346-A77AF218409E}.AppStore|iPhoneSimulator.Deploy.0 = Release|Any CPU
		{B536D336-3CD9-4436-8346-A77AF218409E}.AppStore|x64.ActiveCfg = Release|Any CPU
		{B536D336-3CD9-4436-8346-A77AF218409E}.AppStore|x64.Build.0 = Release|Any CPU
		{B536D336-3CD9-4436-8346-A77AF218409E}.AppStore|x64.Deploy.0 = Release|Any CPU
		{B536D336-3CD9-4436-8346-A77AF218409E}.AppStore|x86.ActiveCfg = Release|Any CPU
		{B536D336-3CD9-4436-8346-A77AF218409E}.AppStore|x86.Build.0 = Release|Any CPU
		{B536D336-3CD9-4436-8346-A77AF218409E}.AppStore|x86.Deploy.0 = Release|Any CPU
		{B536D336-3CD9-4436-8346-A77AF218409E}.Debug|Any CPU.ActiveCfg = Debug|Any CPU
		{B536D336-3CD9-4436-8346-A77AF218409E}.Debug|Any CPU.Build.0 = Debug|Any CPU
		{B536D336-3CD9-4436-8346-A77AF218409E}.Debug|Any CPU.Deploy.0 = Debug|Any CPU
		{B536D336-3CD9-4436-8346-A77AF218409E}.Debug|ARM.ActiveCfg = Debug|Any CPU
		{B536D336-3CD9-4436-8346-A77AF218409E}.Debug|ARM.Build.0 = Debug|Any CPU
		{B536D336-3CD9-4436-8346-A77AF218409E}.Debug|ARM.Deploy.0 = Debug|Any CPU
		{B536D336-3CD9-4436-8346-A77AF218409E}.Debug|iPhone.ActiveCfg = Debug|Any CPU
		{B536D336-3CD9-4436-8346-A77AF218409E}.Debug|iPhone.Build.0 = Debug|Any CPU
		{B536D336-3CD9-4436-8346-A77AF218409E}.Debug|iPhone.Deploy.0 = Debug|Any CPU
		{B536D336-3CD9-4436-8346-A77AF218409E}.Debug|iPhoneSimulator.ActiveCfg = Debug|Any CPU
		{B536D336-3CD9-4436-8346-A77AF218409E}.Debug|iPhoneSimulator.Build.0 = Debug|Any CPU
		{B536D336-3CD9-4436-8346-A77AF218409E}.Debug|iPhoneSimulator.Deploy.0 = Debug|Any CPU
		{B536D336-3CD9-4436-8346-A77AF218409E}.Debug|x64.ActiveCfg = Debug|Any CPU
		{B536D336-3CD9-4436-8346-A77AF218409E}.Debug|x64.Build.0 = Debug|Any CPU
		{B536D336-3CD9-4436-8346-A77AF218409E}.Debug|x64.Deploy.0 = Debug|Any CPU
		{B536D336-3CD9-4436-8346-A77AF218409E}.Debug|x86.ActiveCfg = Debug|Any CPU
		{B536D336-3CD9-4436-8346-A77AF218409E}.Debug|x86.Build.0 = Debug|Any CPU
		{B536D336-3CD9-4436-8346-A77AF218409E}.Debug|x86.Deploy.0 = Debug|Any CPU
		{B536D336-3CD9-4436-8346-A77AF218409E}.Release|Any CPU.ActiveCfg = Release|Any CPU
		{B536D336-3CD9-4436-8346-A77AF218409E}.Release|Any CPU.Build.0 = Release|Any CPU
		{B536D336-3CD9-4436-8346-A77AF218409E}.Release|Any CPU.Deploy.0 = Release|Any CPU
		{B536D336-3CD9-4436-8346-A77AF218409E}.Release|ARM.ActiveCfg = Release|Any CPU
		{B536D336-3CD9-4436-8346-A77AF218409E}.Release|ARM.Build.0 = Release|Any CPU
		{B536D336-3CD9-4436-8346-A77AF218409E}.Release|ARM.Deploy.0 = Release|Any CPU
		{B536D336-3CD9-4436-8346-A77AF218409E}.Release|iPhone.ActiveCfg = Release|Any CPU
		{B536D336-3CD9-4436-8346-A77AF218409E}.Release|iPhone.Build.0 = Release|Any CPU
		{B536D336-3CD9-4436-8346-A77AF218409E}.Release|iPhone.Deploy.0 = Release|Any CPU
		{B536D336-3CD9-4436-8346-A77AF218409E}.Release|iPhoneSimulator.ActiveCfg = Release|Any CPU
		{B536D336-3CD9-4436-8346-A77AF218409E}.Release|iPhoneSimulator.Build.0 = Release|Any CPU
		{B536D336-3CD9-4436-8346-A77AF218409E}.Release|iPhoneSimulator.Deploy.0 = Release|Any CPU
		{B536D336-3CD9-4436-8346-A77AF218409E}.Release|x64.ActiveCfg = Release|Any CPU
		{B536D336-3CD9-4436-8346-A77AF218409E}.Release|x64.Build.0 = Release|Any CPU
		{B536D336-3CD9-4436-8346-A77AF218409E}.Release|x64.Deploy.0 = Release|Any CPU
		{B536D336-3CD9-4436-8346-A77AF218409E}.Release|x86.ActiveCfg = Release|Any CPU
		{B536D336-3CD9-4436-8346-A77AF218409E}.Release|x86.Build.0 = Release|Any CPU
		{B536D336-3CD9-4436-8346-A77AF218409E}.Release|x86.Deploy.0 = Release|Any CPU
		{517B87C7-C613-4FCC-9799-A6CA1E0713F4}.Ad-Hoc|Any CPU.ActiveCfg = Ad-Hoc|iPhone
		{517B87C7-C613-4FCC-9799-A6CA1E0713F4}.Ad-Hoc|ARM.ActiveCfg = Ad-Hoc|iPhone
		{517B87C7-C613-4FCC-9799-A6CA1E0713F4}.Ad-Hoc|iPhone.ActiveCfg = Ad-Hoc|iPhone
		{517B87C7-C613-4FCC-9799-A6CA1E0713F4}.Ad-Hoc|iPhone.Build.0 = Ad-Hoc|iPhone
		{517B87C7-C613-4FCC-9799-A6CA1E0713F4}.Ad-Hoc|iPhoneSimulator.ActiveCfg = Ad-Hoc|iPhoneSimulator
		{517B87C7-C613-4FCC-9799-A6CA1E0713F4}.Ad-Hoc|iPhoneSimulator.Build.0 = Ad-Hoc|iPhoneSimulator
		{517B87C7-C613-4FCC-9799-A6CA1E0713F4}.Ad-Hoc|x64.ActiveCfg = Ad-Hoc|iPhone
		{517B87C7-C613-4FCC-9799-A6CA1E0713F4}.Ad-Hoc|x86.ActiveCfg = Ad-Hoc|iPhone
		{517B87C7-C613-4FCC-9799-A6CA1E0713F4}.AppStore|Any CPU.ActiveCfg = AppStore|iPhone
		{517B87C7-C613-4FCC-9799-A6CA1E0713F4}.AppStore|ARM.ActiveCfg = AppStore|iPhone
		{517B87C7-C613-4FCC-9799-A6CA1E0713F4}.AppStore|iPhone.ActiveCfg = AppStore|iPhone
		{517B87C7-C613-4FCC-9799-A6CA1E0713F4}.AppStore|iPhone.Build.0 = AppStore|iPhone
		{517B87C7-C613-4FCC-9799-A6CA1E0713F4}.AppStore|iPhoneSimulator.ActiveCfg = AppStore|iPhoneSimulator
		{517B87C7-C613-4FCC-9799-A6CA1E0713F4}.AppStore|iPhoneSimulator.Build.0 = AppStore|iPhoneSimulator
		{517B87C7-C613-4FCC-9799-A6CA1E0713F4}.AppStore|x64.ActiveCfg = AppStore|iPhone
		{517B87C7-C613-4FCC-9799-A6CA1E0713F4}.AppStore|x86.ActiveCfg = AppStore|iPhone
		{517B87C7-C613-4FCC-9799-A6CA1E0713F4}.Debug|Any CPU.ActiveCfg = Debug|iPhone
		{517B87C7-C613-4FCC-9799-A6CA1E0713F4}.Debug|ARM.ActiveCfg = Debug|iPhone
		{517B87C7-C613-4FCC-9799-A6CA1E0713F4}.Debug|iPhone.ActiveCfg = Debug|iPhone
		{517B87C7-C613-4FCC-9799-A6CA1E0713F4}.Debug|iPhone.Build.0 = Debug|iPhone
		{517B87C7-C613-4FCC-9799-A6CA1E0713F4}.Debug|iPhoneSimulator.ActiveCfg = Debug|iPhoneSimulator
		{517B87C7-C613-4FCC-9799-A6CA1E0713F4}.Debug|iPhoneSimulator.Build.0 = Debug|iPhoneSimulator
		{517B87C7-C613-4FCC-9799-A6CA1E0713F4}.Debug|x64.ActiveCfg = Debug|iPhone
		{517B87C7-C613-4FCC-9799-A6CA1E0713F4}.Debug|x86.ActiveCfg = Debug|iPhone
		{517B87C7-C613-4FCC-9799-A6CA1E0713F4}.Release|Any CPU.ActiveCfg = Release|iPhone
		{517B87C7-C613-4FCC-9799-A6CA1E0713F4}.Release|ARM.ActiveCfg = Release|iPhone
		{517B87C7-C613-4FCC-9799-A6CA1E0713F4}.Release|iPhone.ActiveCfg = Release|iPhone
		{517B87C7-C613-4FCC-9799-A6CA1E0713F4}.Release|iPhone.Build.0 = Release|iPhone
		{517B87C7-C613-4FCC-9799-A6CA1E0713F4}.Release|iPhoneSimulator.ActiveCfg = Release|iPhoneSimulator
		{517B87C7-C613-4FCC-9799-A6CA1E0713F4}.Release|iPhoneSimulator.Build.0 = Release|iPhoneSimulator
		{517B87C7-C613-4FCC-9799-A6CA1E0713F4}.Release|x64.ActiveCfg = Release|iPhone
		{517B87C7-C613-4FCC-9799-A6CA1E0713F4}.Release|x86.ActiveCfg = Release|iPhone
		{16007E04-A7D5-4BF1-8E56-358CBADAF9D6}.Ad-Hoc|Any CPU.ActiveCfg = Release|Any CPU
		{16007E04-A7D5-4BF1-8E56-358CBADAF9D6}.Ad-Hoc|Any CPU.Build.0 = Release|Any CPU
		{16007E04-A7D5-4BF1-8E56-358CBADAF9D6}.Ad-Hoc|Any CPU.Deploy.0 = Release|Any CPU
		{16007E04-A7D5-4BF1-8E56-358CBADAF9D6}.Ad-Hoc|ARM.ActiveCfg = Release|ARM
		{16007E04-A7D5-4BF1-8E56-358CBADAF9D6}.Ad-Hoc|ARM.Build.0 = Release|ARM
		{16007E04-A7D5-4BF1-8E56-358CBADAF9D6}.Ad-Hoc|ARM.Deploy.0 = Release|ARM
		{16007E04-A7D5-4BF1-8E56-358CBADAF9D6}.Ad-Hoc|iPhone.ActiveCfg = Release|Any CPU
		{16007E04-A7D5-4BF1-8E56-358CBADAF9D6}.Ad-Hoc|iPhone.Build.0 = Release|Any CPU
		{16007E04-A7D5-4BF1-8E56-358CBADAF9D6}.Ad-Hoc|iPhone.Deploy.0 = Release|Any CPU
		{16007E04-A7D5-4BF1-8E56-358CBADAF9D6}.Ad-Hoc|iPhoneSimulator.ActiveCfg = Release|Any CPU
		{16007E04-A7D5-4BF1-8E56-358CBADAF9D6}.Ad-Hoc|iPhoneSimulator.Build.0 = Release|Any CPU
		{16007E04-A7D5-4BF1-8E56-358CBADAF9D6}.Ad-Hoc|iPhoneSimulator.Deploy.0 = Release|Any CPU
		{16007E04-A7D5-4BF1-8E56-358CBADAF9D6}.Ad-Hoc|x64.ActiveCfg = Release|Any CPU
		{16007E04-A7D5-4BF1-8E56-358CBADAF9D6}.Ad-Hoc|x64.Build.0 = Release|Any CPU
		{16007E04-A7D5-4BF1-8E56-358CBADAF9D6}.Ad-Hoc|x64.Deploy.0 = Release|Any CPU
		{16007E04-A7D5-4BF1-8E56-358CBADAF9D6}.Ad-Hoc|x86.ActiveCfg = Release|x86
		{16007E04-A7D5-4BF1-8E56-358CBADAF9D6}.Ad-Hoc|x86.Build.0 = Release|x86
		{16007E04-A7D5-4BF1-8E56-358CBADAF9D6}.Ad-Hoc|x86.Deploy.0 = Release|x86
		{16007E04-A7D5-4BF1-8E56-358CBADAF9D6}.AppStore|Any CPU.ActiveCfg = Release|Any CPU
		{16007E04-A7D5-4BF1-8E56-358CBADAF9D6}.AppStore|Any CPU.Build.0 = Release|Any CPU
		{16007E04-A7D5-4BF1-8E56-358CBADAF9D6}.AppStore|Any CPU.Deploy.0 = Release|Any CPU
		{16007E04-A7D5-4BF1-8E56-358CBADAF9D6}.AppStore|ARM.ActiveCfg = Release|ARM
		{16007E04-A7D5-4BF1-8E56-358CBADAF9D6}.AppStore|ARM.Build.0 = Release|ARM
		{16007E04-A7D5-4BF1-8E56-358CBADAF9D6}.AppStore|ARM.Deploy.0 = Release|ARM
		{16007E04-A7D5-4BF1-8E56-358CBADAF9D6}.AppStore|iPhone.ActiveCfg = Release|Any CPU
		{16007E04-A7D5-4BF1-8E56-358CBADAF9D6}.AppStore|iPhone.Build.0 = Release|Any CPU
		{16007E04-A7D5-4BF1-8E56-358CBADAF9D6}.AppStore|iPhone.Deploy.0 = Release|Any CPU
		{16007E04-A7D5-4BF1-8E56-358CBADAF9D6}.AppStore|iPhoneSimulator.ActiveCfg = Release|Any CPU
		{16007E04-A7D5-4BF1-8E56-358CBADAF9D6}.AppStore|iPhoneSimulator.Build.0 = Release|Any CPU
		{16007E04-A7D5-4BF1-8E56-358CBADAF9D6}.AppStore|iPhoneSimulator.Deploy.0 = Release|Any CPU
		{16007E04-A7D5-4BF1-8E56-358CBADAF9D6}.AppStore|x64.ActiveCfg = Release|Any CPU
		{16007E04-A7D5-4BF1-8E56-358CBADAF9D6}.AppStore|x64.Build.0 = Release|Any CPU
		{16007E04-A7D5-4BF1-8E56-358CBADAF9D6}.AppStore|x64.Deploy.0 = Release|Any CPU
		{16007E04-A7D5-4BF1-8E56-358CBADAF9D6}.AppStore|x86.ActiveCfg = Release|x86
		{16007E04-A7D5-4BF1-8E56-358CBADAF9D6}.AppStore|x86.Build.0 = Release|x86
		{16007E04-A7D5-4BF1-8E56-358CBADAF9D6}.AppStore|x86.Deploy.0 = Release|x86
		{16007E04-A7D5-4BF1-8E56-358CBADAF9D6}.Debug|Any CPU.ActiveCfg = Debug|Any CPU
		{16007E04-A7D5-4BF1-8E56-358CBADAF9D6}.Debug|Any CPU.Build.0 = Debug|Any CPU
		{16007E04-A7D5-4BF1-8E56-358CBADAF9D6}.Debug|Any CPU.Deploy.0 = Debug|Any CPU
		{16007E04-A7D5-4BF1-8E56-358CBADAF9D6}.Debug|ARM.ActiveCfg = Debug|ARM
		{16007E04-A7D5-4BF1-8E56-358CBADAF9D6}.Debug|ARM.Build.0 = Debug|ARM
		{16007E04-A7D5-4BF1-8E56-358CBADAF9D6}.Debug|ARM.Deploy.0 = Debug|ARM
		{16007E04-A7D5-4BF1-8E56-358CBADAF9D6}.Debug|iPhone.ActiveCfg = Debug|Any CPU
		{16007E04-A7D5-4BF1-8E56-358CBADAF9D6}.Debug|iPhone.Build.0 = Debug|Any CPU
		{16007E04-A7D5-4BF1-8E56-358CBADAF9D6}.Debug|iPhone.Deploy.0 = Debug|Any CPU
		{16007E04-A7D5-4BF1-8E56-358CBADAF9D6}.Debug|iPhoneSimulator.ActiveCfg = Debug|Any CPU
		{16007E04-A7D5-4BF1-8E56-358CBADAF9D6}.Debug|iPhoneSimulator.Build.0 = Debug|Any CPU
		{16007E04-A7D5-4BF1-8E56-358CBADAF9D6}.Debug|iPhoneSimulator.Deploy.0 = Debug|Any CPU
		{16007E04-A7D5-4BF1-8E56-358CBADAF9D6}.Debug|x64.ActiveCfg = Debug|Any CPU
		{16007E04-A7D5-4BF1-8E56-358CBADAF9D6}.Debug|x64.Build.0 = Debug|Any CPU
		{16007E04-A7D5-4BF1-8E56-358CBADAF9D6}.Debug|x64.Deploy.0 = Debug|Any CPU
		{16007E04-A7D5-4BF1-8E56-358CBADAF9D6}.Debug|x86.ActiveCfg = Debug|x86
		{16007E04-A7D5-4BF1-8E56-358CBADAF9D6}.Debug|x86.Build.0 = Debug|x86
		{16007E04-A7D5-4BF1-8E56-358CBADAF9D6}.Debug|x86.Deploy.0 = Debug|x86
		{16007E04-A7D5-4BF1-8E56-358CBADAF9D6}.Release|Any CPU.ActiveCfg = Release|Any CPU
		{16007E04-A7D5-4BF1-8E56-358CBADAF9D6}.Release|Any CPU.Build.0 = Release|Any CPU
		{16007E04-A7D5-4BF1-8E56-358CBADAF9D6}.Release|Any CPU.Deploy.0 = Release|Any CPU
		{16007E04-A7D5-4BF1-8E56-358CBADAF9D6}.Release|ARM.ActiveCfg = Release|ARM
		{16007E04-A7D5-4BF1-8E56-358CBADAF9D6}.Release|ARM.Build.0 = Release|ARM
		{16007E04-A7D5-4BF1-8E56-358CBADAF9D6}.Release|ARM.Deploy.0 = Release|ARM
		{16007E04-A7D5-4BF1-8E56-358CBADAF9D6}.Release|iPhone.ActiveCfg = Release|Any CPU
		{16007E04-A7D5-4BF1-8E56-358CBADAF9D6}.Release|iPhone.Build.0 = Release|Any CPU
		{16007E04-A7D5-4BF1-8E56-358CBADAF9D6}.Release|iPhone.Deploy.0 = Release|Any CPU
		{16007E04-A7D5-4BF1-8E56-358CBADAF9D6}.Release|iPhoneSimulator.ActiveCfg = Release|Any CPU
		{16007E04-A7D5-4BF1-8E56-358CBADAF9D6}.Release|iPhoneSimulator.Build.0 = Release|Any CPU
		{16007E04-A7D5-4BF1-8E56-358CBADAF9D6}.Release|iPhoneSimulator.Deploy.0 = Release|Any CPU
		{16007E04-A7D5-4BF1-8E56-358CBADAF9D6}.Release|x64.ActiveCfg = Release|Any CPU
		{16007E04-A7D5-4BF1-8E56-358CBADAF9D6}.Release|x64.Build.0 = Release|Any CPU
		{16007E04-A7D5-4BF1-8E56-358CBADAF9D6}.Release|x64.Deploy.0 = Release|Any CPU
		{16007E04-A7D5-4BF1-8E56-358CBADAF9D6}.Release|x86.ActiveCfg = Release|x86
		{16007E04-A7D5-4BF1-8E56-358CBADAF9D6}.Release|x86.Build.0 = Release|x86
		{16007E04-A7D5-4BF1-8E56-358CBADAF9D6}.Release|x86.Deploy.0 = Release|x86
		{C059932B-B071-4A11-A157-38A4918ABABA}.Ad-Hoc|Any CPU.ActiveCfg = Release|x86
		{C059932B-B071-4A11-A157-38A4918ABABA}.Ad-Hoc|Any CPU.Build.0 = Release|x86
		{C059932B-B071-4A11-A157-38A4918ABABA}.Ad-Hoc|Any CPU.Deploy.0 = Release|x86
		{C059932B-B071-4A11-A157-38A4918ABABA}.Ad-Hoc|ARM.ActiveCfg = Release|ARM
		{C059932B-B071-4A11-A157-38A4918ABABA}.Ad-Hoc|ARM.Build.0 = Release|ARM
		{C059932B-B071-4A11-A157-38A4918ABABA}.Ad-Hoc|ARM.Deploy.0 = Release|ARM
		{C059932B-B071-4A11-A157-38A4918ABABA}.Ad-Hoc|iPhone.ActiveCfg = Release|x86
		{C059932B-B071-4A11-A157-38A4918ABABA}.Ad-Hoc|iPhone.Build.0 = Release|x86
		{C059932B-B071-4A11-A157-38A4918ABABA}.Ad-Hoc|iPhone.Deploy.0 = Release|x86
		{C059932B-B071-4A11-A157-38A4918ABABA}.Ad-Hoc|iPhoneSimulator.ActiveCfg = Release|x86
		{C059932B-B071-4A11-A157-38A4918ABABA}.Ad-Hoc|iPhoneSimulator.Build.0 = Release|x86
		{C059932B-B071-4A11-A157-38A4918ABABA}.Ad-Hoc|iPhoneSimulator.Deploy.0 = Release|x86
		{C059932B-B071-4A11-A157-38A4918ABABA}.Ad-Hoc|x64.ActiveCfg = Release|x64
		{C059932B-B071-4A11-A157-38A4918ABABA}.Ad-Hoc|x64.Build.0 = Release|x64
		{C059932B-B071-4A11-A157-38A4918ABABA}.Ad-Hoc|x64.Deploy.0 = Release|x64
		{C059932B-B071-4A11-A157-38A4918ABABA}.Ad-Hoc|x86.ActiveCfg = Release|x86
		{C059932B-B071-4A11-A157-38A4918ABABA}.Ad-Hoc|x86.Build.0 = Release|x86
		{C059932B-B071-4A11-A157-38A4918ABABA}.Ad-Hoc|x86.Deploy.0 = Release|x86
		{C059932B-B071-4A11-A157-38A4918ABABA}.AppStore|Any CPU.ActiveCfg = Release|x86
		{C059932B-B071-4A11-A157-38A4918ABABA}.AppStore|Any CPU.Build.0 = Release|x86
		{C059932B-B071-4A11-A157-38A4918ABABA}.AppStore|Any CPU.Deploy.0 = Release|x86
		{C059932B-B071-4A11-A157-38A4918ABABA}.AppStore|ARM.ActiveCfg = Release|ARM
		{C059932B-B071-4A11-A157-38A4918ABABA}.AppStore|ARM.Build.0 = Release|ARM
		{C059932B-B071-4A11-A157-38A4918ABABA}.AppStore|ARM.Deploy.0 = Release|ARM
		{C059932B-B071-4A11-A157-38A4918ABABA}.AppStore|iPhone.ActiveCfg = Release|x86
		{C059932B-B071-4A11-A157-38A4918ABABA}.AppStore|iPhone.Build.0 = Release|x86
		{C059932B-B071-4A11-A157-38A4918ABABA}.AppStore|iPhone.Deploy.0 = Release|x86
		{C059932B-B071-4A11-A157-38A4918ABABA}.AppStore|iPhoneSimulator.ActiveCfg = Release|x86
		{C059932B-B071-4A11-A157-38A4918ABABA}.AppStore|iPhoneSimulator.Build.0 = Release|x86
		{C059932B-B071-4A11-A157-38A4918ABABA}.AppStore|iPhoneSimulator.Deploy.0 = Release|x86
		{C059932B-B071-4A11-A157-38A4918ABABA}.AppStore|x64.ActiveCfg = Release|x64
		{C059932B-B071-4A11-A157-38A4918ABABA}.AppStore|x64.Build.0 = Release|x64
		{C059932B-B071-4A11-A157-38A4918ABABA}.AppStore|x64.Deploy.0 = Release|x64
		{C059932B-B071-4A11-A157-38A4918ABABA}.AppStore|x86.ActiveCfg = Release|x86
		{C059932B-B071-4A11-A157-38A4918ABABA}.AppStore|x86.Build.0 = Release|x86
		{C059932B-B071-4A11-A157-38A4918ABABA}.AppStore|x86.Deploy.0 = Release|x86
		{C059932B-B071-4A11-A157-38A4918ABABA}.Debug|Any CPU.ActiveCfg = Debug|x86
		{C059932B-B071-4A11-A157-38A4918ABABA}.Debug|ARM.ActiveCfg = Debug|ARM
		{C059932B-B071-4A11-A157-38A4918ABABA}.Debug|ARM.Build.0 = Debug|ARM
		{C059932B-B071-4A11-A157-38A4918ABABA}.Debug|ARM.Deploy.0 = Debug|ARM
		{C059932B-B071-4A11-A157-38A4918ABABA}.Debug|iPhone.ActiveCfg = Debug|x86
		{C059932B-B071-4A11-A157-38A4918ABABA}.Debug|iPhoneSimulator.ActiveCfg = Debug|x86
		{C059932B-B071-4A11-A157-38A4918ABABA}.Debug|x64.ActiveCfg = Debug|x64
		{C059932B-B071-4A11-A157-38A4918ABABA}.Debug|x64.Build.0 = Debug|x64
		{C059932B-B071-4A11-A157-38A4918ABABA}.Debug|x64.Deploy.0 = Debug|x64
		{C059932B-B071-4A11-A157-38A4918ABABA}.Debug|x86.ActiveCfg = Debug|x86
		{C059932B-B071-4A11-A157-38A4918ABABA}.Debug|x86.Build.0 = Debug|x86
		{C059932B-B071-4A11-A157-38A4918ABABA}.Debug|x86.Deploy.0 = Debug|x86
		{C059932B-B071-4A11-A157-38A4918ABABA}.Release|Any CPU.ActiveCfg = Release|x86
		{C059932B-B071-4A11-A157-38A4918ABABA}.Release|ARM.ActiveCfg = Release|ARM
		{C059932B-B071-4A11-A157-38A4918ABABA}.Release|ARM.Build.0 = Release|ARM
		{C059932B-B071-4A11-A157-38A4918ABABA}.Release|ARM.Deploy.0 = Release|ARM
		{C059932B-B071-4A11-A157-38A4918ABABA}.Release|iPhone.ActiveCfg = Release|x86
		{C059932B-B071-4A11-A157-38A4918ABABA}.Release|iPhoneSimulator.ActiveCfg = Release|x86
		{C059932B-B071-4A11-A157-38A4918ABABA}.Release|x64.ActiveCfg = Release|x64
		{C059932B-B071-4A11-A157-38A4918ABABA}.Release|x64.Build.0 = Release|x64
		{C059932B-B071-4A11-A157-38A4918ABABA}.Release|x64.Deploy.0 = Release|x64
		{C059932B-B071-4A11-A157-38A4918ABABA}.Release|x86.ActiveCfg = Release|x86
		{C059932B-B071-4A11-A157-38A4918ABABA}.Release|x86.Build.0 = Release|x86
		{C059932B-B071-4A11-A157-38A4918ABABA}.Release|x86.Deploy.0 = Release|x86
		{C3AF22F1-E17A-43A7-AFB4-9F4F6349DF41}.Ad-Hoc|Any CPU.ActiveCfg = Release|Any CPU
		{C3AF22F1-E17A-43A7-AFB4-9F4F6349DF41}.Ad-Hoc|Any CPU.Build.0 = Release|Any CPU
		{C3AF22F1-E17A-43A7-AFB4-9F4F6349DF41}.Ad-Hoc|Any CPU.Deploy.0 = Release|Any CPU
		{C3AF22F1-E17A-43A7-AFB4-9F4F6349DF41}.Ad-Hoc|ARM.ActiveCfg = Release|ARM
		{C3AF22F1-E17A-43A7-AFB4-9F4F6349DF41}.Ad-Hoc|ARM.Build.0 = Release|ARM
		{C3AF22F1-E17A-43A7-AFB4-9F4F6349DF41}.Ad-Hoc|ARM.Deploy.0 = Release|ARM
		{C3AF22F1-E17A-43A7-AFB4-9F4F6349DF41}.Ad-Hoc|iPhone.ActiveCfg = Release|Any CPU
		{C3AF22F1-E17A-43A7-AFB4-9F4F6349DF41}.Ad-Hoc|iPhone.Build.0 = Release|Any CPU
		{C3AF22F1-E17A-43A7-AFB4-9F4F6349DF41}.Ad-Hoc|iPhone.Deploy.0 = Release|Any CPU
		{C3AF22F1-E17A-43A7-AFB4-9F4F6349DF41}.Ad-Hoc|iPhoneSimulator.ActiveCfg = Release|Any CPU
		{C3AF22F1-E17A-43A7-AFB4-9F4F6349DF41}.Ad-Hoc|iPhoneSimulator.Build.0 = Release|Any CPU
		{C3AF22F1-E17A-43A7-AFB4-9F4F6349DF41}.Ad-Hoc|iPhoneSimulator.Deploy.0 = Release|Any CPU
		{C3AF22F1-E17A-43A7-AFB4-9F4F6349DF41}.Ad-Hoc|x64.ActiveCfg = Release|x64
		{C3AF22F1-E17A-43A7-AFB4-9F4F6349DF41}.Ad-Hoc|x64.Build.0 = Release|x64
		{C3AF22F1-E17A-43A7-AFB4-9F4F6349DF41}.Ad-Hoc|x64.Deploy.0 = Release|x64
		{C3AF22F1-E17A-43A7-AFB4-9F4F6349DF41}.Ad-Hoc|x86.ActiveCfg = Release|x86
		{C3AF22F1-E17A-43A7-AFB4-9F4F6349DF41}.Ad-Hoc|x86.Build.0 = Release|x86
		{C3AF22F1-E17A-43A7-AFB4-9F4F6349DF41}.Ad-Hoc|x86.Deploy.0 = Release|x86
		{C3AF22F1-E17A-43A7-AFB4-9F4F6349DF41}.AppStore|Any CPU.ActiveCfg = Release|Any CPU
		{C3AF22F1-E17A-43A7-AFB4-9F4F6349DF41}.AppStore|Any CPU.Build.0 = Release|Any CPU
		{C3AF22F1-E17A-43A7-AFB4-9F4F6349DF41}.AppStore|Any CPU.Deploy.0 = Release|Any CPU
		{C3AF22F1-E17A-43A7-AFB4-9F4F6349DF41}.AppStore|ARM.ActiveCfg = Release|ARM
		{C3AF22F1-E17A-43A7-AFB4-9F4F6349DF41}.AppStore|ARM.Build.0 = Release|ARM
		{C3AF22F1-E17A-43A7-AFB4-9F4F6349DF41}.AppStore|ARM.Deploy.0 = Release|ARM
		{C3AF22F1-E17A-43A7-AFB4-9F4F6349DF41}.AppStore|iPhone.ActiveCfg = Release|Any CPU
		{C3AF22F1-E17A-43A7-AFB4-9F4F6349DF41}.AppStore|iPhone.Build.0 = Release|Any CPU
		{C3AF22F1-E17A-43A7-AFB4-9F4F6349DF41}.AppStore|iPhone.Deploy.0 = Release|Any CPU
		{C3AF22F1-E17A-43A7-AFB4-9F4F6349DF41}.AppStore|iPhoneSimulator.ActiveCfg = Release|Any CPU
		{C3AF22F1-E17A-43A7-AFB4-9F4F6349DF41}.AppStore|iPhoneSimulator.Build.0 = Release|Any CPU
		{C3AF22F1-E17A-43A7-AFB4-9F4F6349DF41}.AppStore|iPhoneSimulator.Deploy.0 = Release|Any CPU
		{C3AF22F1-E17A-43A7-AFB4-9F4F6349DF41}.AppStore|x64.ActiveCfg = Release|x64
		{C3AF22F1-E17A-43A7-AFB4-9F4F6349DF41}.AppStore|x64.Build.0 = Release|x64
		{C3AF22F1-E17A-43A7-AFB4-9F4F6349DF41}.AppStore|x64.Deploy.0 = Release|x64
		{C3AF22F1-E17A-43A7-AFB4-9F4F6349DF41}.AppStore|x86.ActiveCfg = Release|x86
		{C3AF22F1-E17A-43A7-AFB4-9F4F6349DF41}.AppStore|x86.Build.0 = Release|x86
		{C3AF22F1-E17A-43A7-AFB4-9F4F6349DF41}.AppStore|x86.Deploy.0 = Release|x86
		{C3AF22F1-E17A-43A7-AFB4-9F4F6349DF41}.Debug|Any CPU.ActiveCfg = Debug|Any CPU
		{C3AF22F1-E17A-43A7-AFB4-9F4F6349DF41}.Debug|Any CPU.Build.0 = Debug|Any CPU
		{C3AF22F1-E17A-43A7-AFB4-9F4F6349DF41}.Debug|Any CPU.Deploy.0 = Debug|Any CPU
		{C3AF22F1-E17A-43A7-AFB4-9F4F6349DF41}.Debug|ARM.ActiveCfg = Debug|ARM
		{C3AF22F1-E17A-43A7-AFB4-9F4F6349DF41}.Debug|ARM.Build.0 = Debug|ARM
		{C3AF22F1-E17A-43A7-AFB4-9F4F6349DF41}.Debug|ARM.Deploy.0 = Debug|ARM
		{C3AF22F1-E17A-43A7-AFB4-9F4F6349DF41}.Debug|iPhone.ActiveCfg = Debug|Any CPU
		{C3AF22F1-E17A-43A7-AFB4-9F4F6349DF41}.Debug|iPhone.Build.0 = Debug|Any CPU
		{C3AF22F1-E17A-43A7-AFB4-9F4F6349DF41}.Debug|iPhone.Deploy.0 = Debug|Any CPU
		{C3AF22F1-E17A-43A7-AFB4-9F4F6349DF41}.Debug|iPhoneSimulator.ActiveCfg = Debug|Any CPU
		{C3AF22F1-E17A-43A7-AFB4-9F4F6349DF41}.Debug|iPhoneSimulator.Build.0 = Debug|Any CPU
		{C3AF22F1-E17A-43A7-AFB4-9F4F6349DF41}.Debug|iPhoneSimulator.Deploy.0 = Debug|Any CPU
		{C3AF22F1-E17A-43A7-AFB4-9F4F6349DF41}.Debug|x64.ActiveCfg = Debug|x64
		{C3AF22F1-E17A-43A7-AFB4-9F4F6349DF41}.Debug|x64.Build.0 = Debug|x64
		{C3AF22F1-E17A-43A7-AFB4-9F4F6349DF41}.Debug|x64.Deploy.0 = Debug|x64
		{C3AF22F1-E17A-43A7-AFB4-9F4F6349DF41}.Debug|x86.ActiveCfg = Debug|x86
		{C3AF22F1-E17A-43A7-AFB4-9F4F6349DF41}.Debug|x86.Build.0 = Debug|x86
		{C3AF22F1-E17A-43A7-AFB4-9F4F6349DF41}.Debug|x86.Deploy.0 = Debug|x86
		{C3AF22F1-E17A-43A7-AFB4-9F4F6349DF41}.Release|Any CPU.ActiveCfg = Release|Any CPU
		{C3AF22F1-E17A-43A7-AFB4-9F4F6349DF41}.Release|Any CPU.Build.0 = Release|Any CPU
		{C3AF22F1-E17A-43A7-AFB4-9F4F6349DF41}.Release|Any CPU.Deploy.0 = Release|Any CPU
		{C3AF22F1-E17A-43A7-AFB4-9F4F6349DF41}.Release|ARM.ActiveCfg = Release|ARM
		{C3AF22F1-E17A-43A7-AFB4-9F4F6349DF41}.Release|ARM.Build.0 = Release|ARM
		{C3AF22F1-E17A-43A7-AFB4-9F4F6349DF41}.Release|ARM.Deploy.0 = Release|ARM
		{C3AF22F1-E17A-43A7-AFB4-9F4F6349DF41}.Release|iPhone.ActiveCfg = Release|Any CPU
		{C3AF22F1-E17A-43A7-AFB4-9F4F6349DF41}.Release|iPhone.Build.0 = Release|Any CPU
		{C3AF22F1-E17A-43A7-AFB4-9F4F6349DF41}.Release|iPhone.Deploy.0 = Release|Any CPU
		{C3AF22F1-E17A-43A7-AFB4-9F4F6349DF41}.Release|iPhoneSimulator.ActiveCfg = Release|Any CPU
		{C3AF22F1-E17A-43A7-AFB4-9F4F6349DF41}.Release|iPhoneSimulator.Build.0 = Release|Any CPU
		{C3AF22F1-E17A-43A7-AFB4-9F4F6349DF41}.Release|iPhoneSimulator.Deploy.0 = Release|Any CPU
		{C3AF22F1-E17A-43A7-AFB4-9F4F6349DF41}.Release|x64.ActiveCfg = Release|x64
		{C3AF22F1-E17A-43A7-AFB4-9F4F6349DF41}.Release|x64.Build.0 = Release|x64
		{C3AF22F1-E17A-43A7-AFB4-9F4F6349DF41}.Release|x64.Deploy.0 = Release|x64
		{C3AF22F1-E17A-43A7-AFB4-9F4F6349DF41}.Release|x86.ActiveCfg = Release|x86
		{C3AF22F1-E17A-43A7-AFB4-9F4F6349DF41}.Release|x86.Build.0 = Release|x86
		{C3AF22F1-E17A-43A7-AFB4-9F4F6349DF41}.Release|x86.Deploy.0 = Release|x86
	EndGlobalSection
	GlobalSection(SolutionProperties) = preSolution
		HideSolutionNode = FALSE
	EndGlobalSection
EndGlobal
